// !$*UTF8*$!
{
	archiveVersion = 1;
	classes = {
	};
	objectVersion = 56;
	objects = {

/* Begin PBXBuildFile section */
		43509F622B5CD6D30089121B /* UserDefaultKeys.swift in Sources */ = {isa = PBXBuildFile; fileRef = 43509F612B5CD6D30089121B /* UserDefaultKeys.swift */; };
		43509F652B5DFDF70089121B /* SessionManager.swift in Sources */ = {isa = PBXBuildFile; fileRef = 43509F642B5DFDF70089121B /* SessionManager.swift */; };
		43509FA32B6061660089121B /* MVVM_RegisterTests.swift in Sources */ = {isa = PBXBuildFile; fileRef = 43509FA22B6061660089121B /* MVVM_RegisterTests.swift */; };
		43509FAB2B6064CD0089121B /* ValidationUnitTests.swift in Sources */ = {isa = PBXBuildFile; fileRef = 43509FAA2B6064CD0089121B /* ValidationUnitTests.swift */; };
		43509FAE2B60802A0089121B /* RegisterViewModelUnitTests.swift in Sources */ = {isa = PBXBuildFile; fileRef = 43509FAD2B60802A0089121B /* RegisterViewModelUnitTests.swift */; };
		43509FB02B6080460089121B /* LoginViewModelUnitTests.swift in Sources */ = {isa = PBXBuildFile; fileRef = 43509FAF2B6080460089121B /* LoginViewModelUnitTests.swift */; };
		43509FB82B6084B70089121B /* MVVM_RegisterUITests.swift in Sources */ = {isa = PBXBuildFile; fileRef = 43509FB72B6084B70089121B /* MVVM_RegisterUITests.swift */; };
		43509FBA2B6084B70089121B /* MVVM_RegisterUITestsLaunchTests.swift in Sources */ = {isa = PBXBuildFile; fileRef = 43509FB92B6084B70089121B /* MVVM_RegisterUITestsLaunchTests.swift */; };
		4358ECD52B5AEC440044AF81 /* AuthService.swift in Sources */ = {isa = PBXBuildFile; fileRef = 4358ECD42B5AEC440044AF81 /* AuthService.swift */; };
		4358ECD82B5B38720044AF81 /* LoginViewModel.swift in Sources */ = {isa = PBXBuildFile; fileRef = 4358ECD72B5B38720044AF81 /* LoginViewModel.swift */; };
		4358ECDB2B5B40C90044AF81 /* ReplaceSegue.swift in Sources */ = {isa = PBXBuildFile; fileRef = 4358ECDA2B5B40C90044AF81 /* ReplaceSegue.swift */; };
		4358ECDE2B5B54110044AF81 /* FakeDB.swift in Sources */ = {isa = PBXBuildFile; fileRef = 4358ECDD2B5B54110044AF81 /* FakeDB.swift */; };
		4358ECE02B5B54560044AF81 /* User.swift in Sources */ = {isa = PBXBuildFile; fileRef = 4358ECDF2B5B54560044AF81 /* User.swift */; };
		435BCA982B617B6200DD6972 /* MockAuthService.swift in Sources */ = {isa = PBXBuildFile; fileRef = 435BCA972B617B6200DD6972 /* MockAuthService.swift */; };
		435BCA9A2B61BD9A00DD6972 /* RegExConstants.swift in Sources */ = {isa = PBXBuildFile; fileRef = 435BCA992B61BD9A00DD6972 /* RegExConstants.swift */; };
		435BCA9C2B61CC0000DD6972 /* ScreenTitles.swift in Sources */ = {isa = PBXBuildFile; fileRef = 435BCA9B2B61CC0000DD6972 /* ScreenTitles.swift */; };
		436CFB212B59CC66001F4016 /* AppDelegate.swift in Sources */ = {isa = PBXBuildFile; fileRef = 436CFB202B59CC66001F4016 /* AppDelegate.swift */; };
		436CFB232B59CC66001F4016 /* SceneDelegate.swift in Sources */ = {isa = PBXBuildFile; fileRef = 436CFB222B59CC66001F4016 /* SceneDelegate.swift */; };
		436CFB252B59CC66001F4016 /* WelcomeViewController.swift in Sources */ = {isa = PBXBuildFile; fileRef = 436CFB242B59CC66001F4016 /* WelcomeViewController.swift */; };
		436CFB282B59CC66001F4016 /* Main.storyboard in Resources */ = {isa = PBXBuildFile; fileRef = 436CFB262B59CC66001F4016 /* Main.storyboard */; };
		436CFB2A2B59CC68001F4016 /* Assets.xcassets in Resources */ = {isa = PBXBuildFile; fileRef = 436CFB292B59CC68001F4016 /* Assets.xcassets */; };
		436CFB2D2B59CC68001F4016 /* LaunchScreen.storyboard in Resources */ = {isa = PBXBuildFile; fileRef = 436CFB2B2B59CC68001F4016 /* LaunchScreen.storyboard */; };
		436CFB352B59D2F1001F4016 /* RegisterViewController.swift in Sources */ = {isa = PBXBuildFile; fileRef = 436CFB342B59D2F1001F4016 /* RegisterViewController.swift */; };
		436CFB402B59EB02001F4016 /* LoginViewController.swift in Sources */ = {isa = PBXBuildFile; fileRef = 436CFB3F2B59EB02001F4016 /* LoginViewController.swift */; };
		436CFB422B59EB10001F4016 /* HomeViewController.swift in Sources */ = {isa = PBXBuildFile; fileRef = 436CFB412B59EB10001F4016 /* HomeViewController.swift */; };
		436CFB442B59EBBB001F4016 /* SegueConstants.swift in Sources */ = {isa = PBXBuildFile; fileRef = 436CFB432B59EBBB001F4016 /* SegueConstants.swift */; };
		436CFB472B59FCC4001F4016 /* RegisterViewModel.swift in Sources */ = {isa = PBXBuildFile; fileRef = 436CFB462B59FCC4001F4016 /* RegisterViewModel.swift */; };
		436CFB4A2B59FF5D001F4016 /* Validation.swift in Sources */ = {isa = PBXBuildFile; fileRef = 436CFB492B59FF5D001F4016 /* Validation.swift */; };
/* End PBXBuildFile section */

/* Begin PBXContainerItemProxy section */
		43509FA42B6061660089121B /* PBXContainerItemProxy */ = {
			isa = PBXContainerItemProxy;
			containerPortal = 436CFB152B59CC66001F4016 /* Project object */;
			proxyType = 1;
			remoteGlobalIDString = 436CFB1C2B59CC66001F4016;
			remoteInfo = "MVVM Register";
		};
		43509FBB2B6084B70089121B /* PBXContainerItemProxy */ = {
			isa = PBXContainerItemProxy;
			containerPortal = 436CFB152B59CC66001F4016 /* Project object */;
			proxyType = 1;
			remoteGlobalIDString = 436CFB1C2B59CC66001F4016;
			remoteInfo = "MVVM Register";
		};
/* End PBXContainerItemProxy section */

/* Begin PBXFileReference section */
		43509F612B5CD6D30089121B /* UserDefaultKeys.swift */ = {isa = PBXFileReference; lastKnownFileType = sourcecode.swift; path = UserDefaultKeys.swift; sourceTree = "<group>"; };
		43509F642B5DFDF70089121B /* SessionManager.swift */ = {isa = PBXFileReference; lastKnownFileType = sourcecode.swift; path = SessionManager.swift; sourceTree = "<group>"; };
		43509FA02B6061660089121B /* MVVM RegisterTests.xctest */ = {isa = PBXFileReference; explicitFileType = wrapper.cfbundle; includeInIndex = 0; path = "MVVM RegisterTests.xctest"; sourceTree = BUILT_PRODUCTS_DIR; };
		43509FA22B6061660089121B /* MVVM_RegisterTests.swift */ = {isa = PBXFileReference; lastKnownFileType = sourcecode.swift; path = MVVM_RegisterTests.swift; sourceTree = "<group>"; };
		43509FAA2B6064CD0089121B /* ValidationUnitTests.swift */ = {isa = PBXFileReference; lastKnownFileType = sourcecode.swift; path = ValidationUnitTests.swift; sourceTree = "<group>"; };
		43509FAD2B60802A0089121B /* RegisterViewModelUnitTests.swift */ = {isa = PBXFileReference; lastKnownFileType = sourcecode.swift; path = RegisterViewModelUnitTests.swift; sourceTree = "<group>"; };
		43509FAF2B6080460089121B /* LoginViewModelUnitTests.swift */ = {isa = PBXFileReference; lastKnownFileType = sourcecode.swift; path = LoginViewModelUnitTests.swift; sourceTree = "<group>"; };
		43509FB52B6084B70089121B /* MVVM RegisterUITests.xctest */ = {isa = PBXFileReference; explicitFileType = wrapper.cfbundle; includeInIndex = 0; path = "MVVM RegisterUITests.xctest"; sourceTree = BUILT_PRODUCTS_DIR; };
		43509FB72B6084B70089121B /* MVVM_RegisterUITests.swift */ = {isa = PBXFileReference; lastKnownFileType = sourcecode.swift; path = MVVM_RegisterUITests.swift; sourceTree = "<group>"; };
		43509FB92B6084B70089121B /* MVVM_RegisterUITestsLaunchTests.swift */ = {isa = PBXFileReference; lastKnownFileType = sourcecode.swift; path = MVVM_RegisterUITestsLaunchTests.swift; sourceTree = "<group>"; };
		4358ECD42B5AEC440044AF81 /* AuthService.swift */ = {isa = PBXFileReference; lastKnownFileType = sourcecode.swift; path = AuthService.swift; sourceTree = "<group>"; };
		4358ECD72B5B38720044AF81 /* LoginViewModel.swift */ = {isa = PBXFileReference; lastKnownFileType = sourcecode.swift; path = LoginViewModel.swift; sourceTree = "<group>"; };
		4358ECDA2B5B40C90044AF81 /* ReplaceSegue.swift */ = {isa = PBXFileReference; lastKnownFileType = sourcecode.swift; path = ReplaceSegue.swift; sourceTree = "<group>"; };
		4358ECDD2B5B54110044AF81 /* FakeDB.swift */ = {isa = PBXFileReference; lastKnownFileType = sourcecode.swift; path = FakeDB.swift; sourceTree = "<group>"; };
		4358ECDF2B5B54560044AF81 /* User.swift */ = {isa = PBXFileReference; lastKnownFileType = sourcecode.swift; path = User.swift; sourceTree = "<group>"; };
		435BCA972B617B6200DD6972 /* MockAuthService.swift */ = {isa = PBXFileReference; lastKnownFileType = sourcecode.swift; path = MockAuthService.swift; sourceTree = "<group>"; };
		435BCA992B61BD9A00DD6972 /* RegExConstants.swift */ = {isa = PBXFileReference; lastKnownFileType = sourcecode.swift; path = RegExConstants.swift; sourceTree = "<group>"; };
		435BCA9B2B61CC0000DD6972 /* ScreenTitles.swift */ = {isa = PBXFileReference; lastKnownFileType = sourcecode.swift; path = ScreenTitles.swift; sourceTree = "<group>"; };
		436CFB1D2B59CC66001F4016 /* MVVM Register.app */ = {isa = PBXFileReference; explicitFileType = wrapper.application; includeInIndex = 0; path = "MVVM Register.app"; sourceTree = BUILT_PRODUCTS_DIR; };
		436CFB202B59CC66001F4016 /* AppDelegate.swift */ = {isa = PBXFileReference; lastKnownFileType = sourcecode.swift; path = AppDelegate.swift; sourceTree = "<group>"; };
		436CFB222B59CC66001F4016 /* SceneDelegate.swift */ = {isa = PBXFileReference; lastKnownFileType = sourcecode.swift; path = SceneDelegate.swift; sourceTree = "<group>"; };
		436CFB242B59CC66001F4016 /* WelcomeViewController.swift */ = {isa = PBXFileReference; lastKnownFileType = sourcecode.swift; path = WelcomeViewController.swift; sourceTree = "<group>"; };
		436CFB272B59CC66001F4016 /* Base */ = {isa = PBXFileReference; lastKnownFileType = file.storyboard; name = Base; path = Base.lproj/Main.storyboard; sourceTree = "<group>"; };
		436CFB292B59CC68001F4016 /* Assets.xcassets */ = {isa = PBXFileReference; lastKnownFileType = folder.assetcatalog; path = Assets.xcassets; sourceTree = "<group>"; };
		436CFB2C2B59CC68001F4016 /* Base */ = {isa = PBXFileReference; lastKnownFileType = file.storyboard; name = Base; path = Base.lproj/LaunchScreen.storyboard; sourceTree = "<group>"; };
		436CFB2E2B59CC68001F4016 /* Info.plist */ = {isa = PBXFileReference; lastKnownFileType = text.plist.xml; path = Info.plist; sourceTree = "<group>"; };
		436CFB342B59D2F1001F4016 /* RegisterViewController.swift */ = {isa = PBXFileReference; lastKnownFileType = sourcecode.swift; path = RegisterViewController.swift; sourceTree = "<group>"; };
		436CFB3F2B59EB02001F4016 /* LoginViewController.swift */ = {isa = PBXFileReference; lastKnownFileType = sourcecode.swift; path = LoginViewController.swift; sourceTree = "<group>"; };
		436CFB412B59EB10001F4016 /* HomeViewController.swift */ = {isa = PBXFileReference; lastKnownFileType = sourcecode.swift; path = HomeViewController.swift; sourceTree = "<group>"; };
		436CFB432B59EBBB001F4016 /* SegueConstants.swift */ = {isa = PBXFileReference; lastKnownFileType = sourcecode.swift; path = SegueConstants.swift; sourceTree = "<group>"; };
		436CFB462B59FCC4001F4016 /* RegisterViewModel.swift */ = {isa = PBXFileReference; lastKnownFileType = sourcecode.swift; path = RegisterViewModel.swift; sourceTree = "<group>"; };
		436CFB492B59FF5D001F4016 /* Validation.swift */ = {isa = PBXFileReference; lastKnownFileType = sourcecode.swift; path = Validation.swift; sourceTree = "<group>"; };
/* End PBXFileReference section */

/* Begin PBXFrameworksBuildPhase section */
		43509F9D2B6061660089121B /* Frameworks */ = {
			isa = PBXFrameworksBuildPhase;
			buildActionMask = 2147483647;
			files = (
			);
			runOnlyForDeploymentPostprocessing = 0;
		};
		43509FB22B6084B70089121B /* Frameworks */ = {
			isa = PBXFrameworksBuildPhase;
			buildActionMask = 2147483647;
			files = (
			);
			runOnlyForDeploymentPostprocessing = 0;
		};
		436CFB1A2B59CC66001F4016 /* Frameworks */ = {
			isa = PBXFrameworksBuildPhase;
			buildActionMask = 2147483647;
			files = (
			);
			runOnlyForDeploymentPostprocessing = 0;
		};
/* End PBXFrameworksBuildPhase section */

/* Begin PBXGroup section */
		43509F632B5DFDE20089121B /* Session */ = {
			isa = PBXGroup;
			children = (
				43509F642B5DFDF70089121B /* SessionManager.swift */,
			);
			path = Session;
			sourceTree = "<group>";
		};
		43509FA12B6061660089121B /* MVVM RegisterTests */ = {
			isa = PBXGroup;
			children = (
				43509FAC2B607FE70089121B /* ViewModels */,
				43509FA92B6064A10089121B /* ValidationLayer */,
				43509FA22B6061660089121B /* MVVM_RegisterTests.swift */,
			);
			path = "MVVM RegisterTests";
			sourceTree = "<group>";
		};
		43509FA92B6064A10089121B /* ValidationLayer */ = {
			isa = PBXGroup;
			children = (
				43509FAA2B6064CD0089121B /* ValidationUnitTests.swift */,
			);
			path = ValidationLayer;
			sourceTree = "<group>";
		};
		43509FAC2B607FE70089121B /* ViewModels */ = {
			isa = PBXGroup;
			children = (
				43509FAD2B60802A0089121B /* RegisterViewModelUnitTests.swift */,
				43509FAF2B6080460089121B /* LoginViewModelUnitTests.swift */,
			);
			path = ViewModels;
			sourceTree = "<group>";
		};
		43509FB62B6084B70089121B /* MVVM RegisterUITests */ = {
			isa = PBXGroup;
			children = (
				43509FB72B6084B70089121B /* MVVM_RegisterUITests.swift */,
				43509FB92B6084B70089121B /* MVVM_RegisterUITestsLaunchTests.swift */,
			);
			path = "MVVM RegisterUITests";
			sourceTree = "<group>";
		};
		4358ECD22B5AEBC70044AF81 /* ServiceLayer */ = {
			isa = PBXGroup;
			children = (
				4358ECD42B5AEC440044AF81 /* AuthService.swift */,
			);
			path = ServiceLayer;
			sourceTree = "<group>";
		};
		4358ECD62B5AEC790044AF81 /* Model */ = {
			isa = PBXGroup;
			children = (
				4358ECDF2B5B54560044AF81 /* User.swift */,
			);
			path = Model;
			sourceTree = "<group>";
		};
		4358ECD92B5B40A10044AF81 /* Segues */ = {
			isa = PBXGroup;
			children = (
				4358ECDA2B5B40C90044AF81 /* ReplaceSegue.swift */,
			);
			path = Segues;
			sourceTree = "<group>";
		};
		4358ECDC2B5B53FC0044AF81 /* DB */ = {
			isa = PBXGroup;
			children = (
				4358ECDD2B5B54110044AF81 /* FakeDB.swift */,
			);
			path = DB;
			sourceTree = "<group>";
		};
		435BCA962B617B5000DD6972 /* Mocks */ = {
			isa = PBXGroup;
			children = (
				435BCA972B617B6200DD6972 /* MockAuthService.swift */,
			);
			path = Mocks;
			sourceTree = "<group>";
		};
		436CFB142B59CC66001F4016 = {
			isa = PBXGroup;
			children = (
				436CFB1F2B59CC66001F4016 /* MVVM Register */,
				43509FA12B6061660089121B /* MVVM RegisterTests */,
				43509FB62B6084B70089121B /* MVVM RegisterUITests */,
				436CFB1E2B59CC66001F4016 /* Products */,
			);
			sourceTree = "<group>";
		};
		436CFB1E2B59CC66001F4016 /* Products */ = {
			isa = PBXGroup;
			children = (
				436CFB1D2B59CC66001F4016 /* MVVM Register.app */,
				43509FA02B6061660089121B /* MVVM RegisterTests.xctest */,
				43509FB52B6084B70089121B /* MVVM RegisterUITests.xctest */,
			);
			name = Products;
			sourceTree = "<group>";
		};
		436CFB1F2B59CC66001F4016 /* MVVM Register */ = {
			isa = PBXGroup;
			children = (
				435BCA962B617B5000DD6972 /* Mocks */,
				43509F632B5DFDE20089121B /* Session */,
				4358ECDC2B5B53FC0044AF81 /* DB */,
				436CFB3B2B59D54A001F4016 /* AppDelegates+Assets */,
				4358ECD92B5B40A10044AF81 /* Segues */,
				4358ECD62B5AEC790044AF81 /* Model */,
				436CFB362B59D438001F4016 /* AppConstants */,
				4358ECD22B5AEBC70044AF81 /* ServiceLayer */,
				436CFB482B59FF0E001F4016 /* ValidationLayer */,
				436CFB3C2B59E4F6001F4016 /* ViewModels */,
				436CFB3A2B59D52B001F4016 /* Views */,
				436CFB392B59D508001F4016 /* Controllers */,
				436CFB2E2B59CC68001F4016 /* Info.plist */,
			);
			path = "MVVM Register";
			sourceTree = "<group>";
		};
		436CFB362B59D438001F4016 /* AppConstants */ = {
			isa = PBXGroup;
			children = (
				436CFB432B59EBBB001F4016 /* SegueConstants.swift */,
				43509F612B5CD6D30089121B /* UserDefaultKeys.swift */,
				435BCA992B61BD9A00DD6972 /* RegExConstants.swift */,
				435BCA9B2B61CC0000DD6972 /* ScreenTitles.swift */,
			);
			path = AppConstants;
			sourceTree = "<group>";
		};
		436CFB392B59D508001F4016 /* Controllers */ = {
			isa = PBXGroup;
			children = (
				436CFB242B59CC66001F4016 /* WelcomeViewController.swift */,
				436CFB342B59D2F1001F4016 /* RegisterViewController.swift */,
				436CFB3F2B59EB02001F4016 /* LoginViewController.swift */,
				436CFB412B59EB10001F4016 /* HomeViewController.swift */,
			);
			path = Controllers;
			sourceTree = "<group>";
		};
		436CFB3A2B59D52B001F4016 /* Views */ = {
			isa = PBXGroup;
			children = (
				436CFB2B2B59CC68001F4016 /* LaunchScreen.storyboard */,
				436CFB262B59CC66001F4016 /* Main.storyboard */,
			);
			path = Views;
			sourceTree = "<group>";
		};
		436CFB3B2B59D54A001F4016 /* AppDelegates+Assets */ = {
			isa = PBXGroup;
			children = (
				436CFB292B59CC68001F4016 /* Assets.xcassets */,
				436CFB202B59CC66001F4016 /* AppDelegate.swift */,
				436CFB222B59CC66001F4016 /* SceneDelegate.swift */,
			);
			path = "AppDelegates+Assets";
			sourceTree = "<group>";
		};
		436CFB3C2B59E4F6001F4016 /* ViewModels */ = {
			isa = PBXGroup;
			children = (
				436CFB462B59FCC4001F4016 /* RegisterViewModel.swift */,
				4358ECD72B5B38720044AF81 /* LoginViewModel.swift */,
			);
			path = ViewModels;
			sourceTree = "<group>";
		};
		436CFB482B59FF0E001F4016 /* ValidationLayer */ = {
			isa = PBXGroup;
			children = (
				436CFB492B59FF5D001F4016 /* Validation.swift */,
			);
			path = ValidationLayer;
			sourceTree = "<group>";
		};
/* End PBXGroup section */

/* Begin PBXNativeTarget section */
		43509F9F2B6061660089121B /* MVVM RegisterTests */ = {
			isa = PBXNativeTarget;
			buildConfigurationList = 43509FA82B6061660089121B /* Build configuration list for PBXNativeTarget "MVVM RegisterTests" */;
			buildPhases = (
				43509F9C2B6061660089121B /* Sources */,
				43509F9D2B6061660089121B /* Frameworks */,
				43509F9E2B6061660089121B /* Resources */,
			);
			buildRules = (
			);
			dependencies = (
				43509FA52B6061660089121B /* PBXTargetDependency */,
			);
			name = "MVVM RegisterTests";
			productName = "MVVM RegisterTests";
			productReference = 43509FA02B6061660089121B /* MVVM RegisterTests.xctest */;
			productType = "com.apple.product-type.bundle.unit-test";
		};
		43509FB42B6084B70089121B /* MVVM RegisterUITests */ = {
			isa = PBXNativeTarget;
			buildConfigurationList = 43509FBD2B6084B70089121B /* Build configuration list for PBXNativeTarget "MVVM RegisterUITests" */;
			buildPhases = (
				43509FB12B6084B70089121B /* Sources */,
				43509FB22B6084B70089121B /* Frameworks */,
				43509FB32B6084B70089121B /* Resources */,
			);
			buildRules = (
			);
			dependencies = (
				43509FBC2B6084B70089121B /* PBXTargetDependency */,
			);
			name = "MVVM RegisterUITests";
			productName = "MVVM RegisterUITests";
			productReference = 43509FB52B6084B70089121B /* MVVM RegisterUITests.xctest */;
			productType = "com.apple.product-type.bundle.ui-testing";
		};
		436CFB1C2B59CC66001F4016 /* MVVM Register */ = {
			isa = PBXNativeTarget;
			buildConfigurationList = 436CFB312B59CC68001F4016 /* Build configuration list for PBXNativeTarget "MVVM Register" */;
			buildPhases = (
				436CFB192B59CC66001F4016 /* Sources */,
				436CFB1A2B59CC66001F4016 /* Frameworks */,
				436CFB1B2B59CC66001F4016 /* Resources */,
			);
			buildRules = (
			);
			dependencies = (
			);
			name = "MVVM Register";
			productName = "MVVM Register";
			productReference = 436CFB1D2B59CC66001F4016 /* MVVM Register.app */;
			productType = "com.apple.product-type.application";
		};
/* End PBXNativeTarget section */

/* Begin PBXProject section */
		436CFB152B59CC66001F4016 /* Project object */ = {
			isa = PBXProject;
			attributes = {
				BuildIndependentTargetsInParallel = 1;
				LastSwiftUpdateCheck = 1520;
				LastUpgradeCheck = 1520;
				TargetAttributes = {
					43509F9F2B6061660089121B = {
						CreatedOnToolsVersion = 15.2;
						TestTargetID = 436CFB1C2B59CC66001F4016;
					};
					43509FB42B6084B70089121B = {
						CreatedOnToolsVersion = 15.2;
						TestTargetID = 436CFB1C2B59CC66001F4016;
					};
					436CFB1C2B59CC66001F4016 = {
						CreatedOnToolsVersion = 15.2;
					};
				};
			};
			buildConfigurationList = 436CFB182B59CC66001F4016 /* Build configuration list for PBXProject "MVVM Register" */;
			compatibilityVersion = "Xcode 14.0";
			developmentRegion = en;
			hasScannedForEncodings = 0;
			knownRegions = (
				en,
				Base,
			);
			mainGroup = 436CFB142B59CC66001F4016;
			productRefGroup = 436CFB1E2B59CC66001F4016 /* Products */;
			projectDirPath = "";
			projectRoot = "";
			targets = (
				436CFB1C2B59CC66001F4016 /* MVVM Register */,
				43509F9F2B6061660089121B /* MVVM RegisterTests */,
				43509FB42B6084B70089121B /* MVVM RegisterUITests */,
			);
		};
/* End PBXProject section */

/* Begin PBXResourcesBuildPhase section */
		43509F9E2B6061660089121B /* Resources */ = {
			isa = PBXResourcesBuildPhase;
			buildActionMask = 2147483647;
			files = (
			);
			runOnlyForDeploymentPostprocessing = 0;
		};
		43509FB32B6084B70089121B /* Resources */ = {
			isa = PBXResourcesBuildPhase;
			buildActionMask = 2147483647;
			files = (
			);
			runOnlyForDeploymentPostprocessing = 0;
		};
		436CFB1B2B59CC66001F4016 /* Resources */ = {
			isa = PBXResourcesBuildPhase;
			buildActionMask = 2147483647;
			files = (
				436CFB2D2B59CC68001F4016 /* LaunchScreen.storyboard in Resources */,
				436CFB2A2B59CC68001F4016 /* Assets.xcassets in Resources */,
				436CFB282B59CC66001F4016 /* Main.storyboard in Resources */,
			);
			runOnlyForDeploymentPostprocessing = 0;
		};
/* End PBXResourcesBuildPhase section */

/* Begin PBXSourcesBuildPhase section */
		43509F9C2B6061660089121B /* Sources */ = {
			isa = PBXSourcesBuildPhase;
			buildActionMask = 2147483647;
			files = (
				43509FB02B6080460089121B /* LoginViewModelUnitTests.swift in Sources */,
				43509FAE2B60802A0089121B /* RegisterViewModelUnitTests.swift in Sources */,
				43509FAB2B6064CD0089121B /* ValidationUnitTests.swift in Sources */,
				43509FA32B6061660089121B /* MVVM_RegisterTests.swift in Sources */,
			);
			runOnlyForDeploymentPostprocessing = 0;
		};
		43509FB12B6084B70089121B /* Sources */ = {
			isa = PBXSourcesBuildPhase;
			buildActionMask = 2147483647;
			files = (
				43509FB82B6084B70089121B /* MVVM_RegisterUITests.swift in Sources */,
				43509FBA2B6084B70089121B /* MVVM_RegisterUITestsLaunchTests.swift in Sources */,
			);
			runOnlyForDeploymentPostprocessing = 0;
		};
		436CFB192B59CC66001F4016 /* Sources */ = {
			isa = PBXSourcesBuildPhase;
			buildActionMask = 2147483647;
			files = (
				4358ECDE2B5B54110044AF81 /* FakeDB.swift in Sources */,
				436CFB442B59EBBB001F4016 /* SegueConstants.swift in Sources */,
				435BCA982B617B6200DD6972 /* MockAuthService.swift in Sources */,
				436CFB252B59CC66001F4016 /* WelcomeViewController.swift in Sources */,
				4358ECDB2B5B40C90044AF81 /* ReplaceSegue.swift in Sources */,
				4358ECD82B5B38720044AF81 /* LoginViewModel.swift in Sources */,
				43509F622B5CD6D30089121B /* UserDefaultKeys.swift in Sources */,
				436CFB4A2B59FF5D001F4016 /* Validation.swift in Sources */,
				4358ECE02B5B54560044AF81 /* User.swift in Sources */,
				436CFB212B59CC66001F4016 /* AppDelegate.swift in Sources */,
				435BCA9C2B61CC0000DD6972 /* ScreenTitles.swift in Sources */,
				436CFB472B59FCC4001F4016 /* RegisterViewModel.swift in Sources */,
				436CFB232B59CC66001F4016 /* SceneDelegate.swift in Sources */,
				436CFB402B59EB02001F4016 /* LoginViewController.swift in Sources */,
				4358ECD52B5AEC440044AF81 /* AuthService.swift in Sources */,
				436CFB352B59D2F1001F4016 /* RegisterViewController.swift in Sources */,
				43509F652B5DFDF70089121B /* SessionManager.swift in Sources */,
				436CFB422B59EB10001F4016 /* HomeViewController.swift in Sources */,
				435BCA9A2B61BD9A00DD6972 /* RegExConstants.swift in Sources */,
			);
			runOnlyForDeploymentPostprocessing = 0;
		};
/* End PBXSourcesBuildPhase section */

/* Begin PBXTargetDependency section */
		43509FA52B6061660089121B /* PBXTargetDependency */ = {
			isa = PBXTargetDependency;
			target = 436CFB1C2B59CC66001F4016 /* MVVM Register */;
			targetProxy = 43509FA42B6061660089121B /* PBXContainerItemProxy */;
		};
		43509FBC2B6084B70089121B /* PBXTargetDependency */ = {
			isa = PBXTargetDependency;
			target = 436CFB1C2B59CC66001F4016 /* MVVM Register */;
			targetProxy = 43509FBB2B6084B70089121B /* PBXContainerItemProxy */;
		};
/* End PBXTargetDependency section */

/* Begin PBXVariantGroup section */
		436CFB262B59CC66001F4016 /* Main.storyboard */ = {
			isa = PBXVariantGroup;
			children = (
				436CFB272B59CC66001F4016 /* Base */,
			);
			name = Main.storyboard;
			sourceTree = "<group>";
		};
		436CFB2B2B59CC68001F4016 /* LaunchScreen.storyboard */ = {
			isa = PBXVariantGroup;
			children = (
				436CFB2C2B59CC68001F4016 /* Base */,
			);
			name = LaunchScreen.storyboard;
			sourceTree = "<group>";
		};
/* End PBXVariantGroup section */

/* Begin XCBuildConfiguration section */
		43509FA62B6061660089121B /* Debug */ = {
			isa = XCBuildConfiguration;
			buildSettings = {
				BUNDLE_LOADER = "$(TEST_HOST)";
				CODE_SIGN_STYLE = Automatic;
				CURRENT_PROJECT_VERSION = 1;
				GENERATE_INFOPLIST_FILE = YES;
				MARKETING_VERSION = 1.0;
				PRODUCT_BUNDLE_IDENTIFIER = "com.intekglobal.jpap.MVVM-RegisterTests";
				PRODUCT_NAME = "$(TARGET_NAME)";
				SWIFT_EMIT_LOC_STRINGS = NO;
				SWIFT_VERSION = 5.0;
				TARGETED_DEVICE_FAMILY = "1,2";
				TEST_HOST = "$(BUILT_PRODUCTS_DIR)/MVVM Register.app/$(BUNDLE_EXECUTABLE_FOLDER_PATH)/MVVM Register";
			};
			name = Debug;
		};
		43509FA72B6061660089121B /* Release */ = {
			isa = XCBuildConfiguration;
			buildSettings = {
				BUNDLE_LOADER = "$(TEST_HOST)";
				CODE_SIGN_STYLE = Automatic;
				CURRENT_PROJECT_VERSION = 1;
				GENERATE_INFOPLIST_FILE = YES;
				MARKETING_VERSION = 1.0;
				PRODUCT_BUNDLE_IDENTIFIER = "com.intekglobal.jpap.MVVM-RegisterTests";
				PRODUCT_NAME = "$(TARGET_NAME)";
				SWIFT_EMIT_LOC_STRINGS = NO;
				SWIFT_VERSION = 5.0;
				TARGETED_DEVICE_FAMILY = "1,2";
				TEST_HOST = "$(BUILT_PRODUCTS_DIR)/MVVM Register.app/$(BUNDLE_EXECUTABLE_FOLDER_PATH)/MVVM Register";
			};
			name = Release;
		};
		43509FBE2B6084B70089121B /* Debug */ = {
			isa = XCBuildConfiguration;
			buildSettings = {
				CODE_SIGN_STYLE = Automatic;
				CURRENT_PROJECT_VERSION = 1;
				GENERATE_INFOPLIST_FILE = YES;
				MARKETING_VERSION = 1.0;
				PRODUCT_BUNDLE_IDENTIFIER = "com.intekglobal.jpap.MVVM-RegisterUITests";
				PRODUCT_NAME = "$(TARGET_NAME)";
				SWIFT_EMIT_LOC_STRINGS = NO;
				SWIFT_VERSION = 5.0;
				TARGETED_DEVICE_FAMILY = "1,2";
				TEST_TARGET_NAME = "MVVM Register";
			};
			name = Debug;
		};
		43509FBF2B6084B70089121B /* Release */ = {
			isa = XCBuildConfiguration;
			buildSettings = {
				CODE_SIGN_STYLE = Automatic;
				CURRENT_PROJECT_VERSION = 1;
				GENERATE_INFOPLIST_FILE = YES;
				MARKETING_VERSION = 1.0;
				PRODUCT_BUNDLE_IDENTIFIER = "com.intekglobal.jpap.MVVM-RegisterUITests";
				PRODUCT_NAME = "$(TARGET_NAME)";
				SWIFT_EMIT_LOC_STRINGS = NO;
				SWIFT_VERSION = 5.0;
				TARGETED_DEVICE_FAMILY = "1,2";
				TEST_TARGET_NAME = "MVVM Register";
			};
			name = Release;
		};
		436CFB2F2B59CC68001F4016 /* Debug */ = {
			isa = XCBuildConfiguration;
			buildSettings = {
				ALWAYS_SEARCH_USER_PATHS = NO;
				ASSETCATALOG_COMPILER_GENERATE_SWIFT_ASSET_SYMBOL_EXTENSIONS = YES;
				CLANG_ANALYZER_NONNULL = YES;
				CLANG_ANALYZER_NUMBER_OBJECT_CONVERSION = YES_AGGRESSIVE;
				CLANG_CXX_LANGUAGE_STANDARD = "gnu++20";
				CLANG_ENABLE_MODULES = YES;
				CLANG_ENABLE_OBJC_ARC = YES;
				CLANG_ENABLE_OBJC_WEAK = YES;
				CLANG_WARN_BLOCK_CAPTURE_AUTORELEASING = YES;
				CLANG_WARN_BOOL_CONVERSION = YES;
				CLANG_WARN_COMMA = YES;
				CLANG_WARN_CONSTANT_CONVERSION = YES;
				CLANG_WARN_DEPRECATED_OBJC_IMPLEMENTATIONS = YES;
				CLANG_WARN_DIRECT_OBJC_ISA_USAGE = YES_ERROR;
				CLANG_WARN_DOCUMENTATION_COMMENTS = YES;
				CLANG_WARN_EMPTY_BODY = YES;
				CLANG_WARN_ENUM_CONVERSION = YES;
				CLANG_WARN_INFINITE_RECURSION = YES;
				CLANG_WARN_INT_CONVERSION = YES;
				CLANG_WARN_NON_LITERAL_NULL_CONVERSION = YES;
				CLANG_WARN_OBJC_IMPLICIT_RETAIN_SELF = YES;
				CLANG_WARN_OBJC_LITERAL_CONVERSION = YES;
				CLANG_WARN_OBJC_ROOT_CLASS = YES_ERROR;
				CLANG_WARN_QUOTED_INCLUDE_IN_FRAMEWORK_HEADER = YES;
				CLANG_WARN_RANGE_LOOP_ANALYSIS = YES;
				CLANG_WARN_STRICT_PROTOTYPES = YES;
				CLANG_WARN_SUSPICIOUS_MOVE = YES;
				CLANG_WARN_UNGUARDED_AVAILABILITY = YES_AGGRESSIVE;
				CLANG_WARN_UNREACHABLE_CODE = YES;
				CLANG_WARN__DUPLICATE_METHOD_MATCH = YES;
				COPY_PHASE_STRIP = NO;
				DEBUG_INFORMATION_FORMAT = dwarf;
				ENABLE_STRICT_OBJC_MSGSEND = YES;
				ENABLE_TESTABILITY = YES;
				ENABLE_USER_SCRIPT_SANDBOXING = YES;
				GCC_C_LANGUAGE_STANDARD = gnu17;
				GCC_DYNAMIC_NO_PIC = NO;
				GCC_NO_COMMON_BLOCKS = YES;
				GCC_OPTIMIZATION_LEVEL = 0;
				GCC_PREPROCESSOR_DEFINITIONS = (
					"DEBUG=1",
					"$(inherited)",
				);
				GCC_WARN_64_TO_32_BIT_CONVERSION = YES;
				GCC_WARN_ABOUT_RETURN_TYPE = YES_ERROR;
				GCC_WARN_UNDECLARED_SELECTOR = YES;
				GCC_WARN_UNINITIALIZED_AUTOS = YES_AGGRESSIVE;
				GCC_WARN_UNUSED_FUNCTION = YES;
				GCC_WARN_UNUSED_VARIABLE = YES;
				IPHONEOS_DEPLOYMENT_TARGET = 17.2;
				LOCALIZATION_PREFERS_STRING_CATALOGS = YES;
				MTL_ENABLE_DEBUG_INFO = INCLUDE_SOURCE;
				MTL_FAST_MATH = YES;
				ONLY_ACTIVE_ARCH = YES;
				SDKROOT = iphoneos;
				SWIFT_ACTIVE_COMPILATION_CONDITIONS = "DEBUG $(inherited)";
				SWIFT_OPTIMIZATION_LEVEL = "-Onone";
			};
			name = Debug;
		};
		436CFB302B59CC68001F4016 /* Release */ = {
			isa = XCBuildConfiguration;
			buildSettings = {
				ALWAYS_SEARCH_USER_PATHS = NO;
				ASSETCATALOG_COMPILER_GENERATE_SWIFT_ASSET_SYMBOL_EXTENSIONS = YES;
				CLANG_ANALYZER_NONNULL = YES;
				CLANG_ANALYZER_NUMBER_OBJECT_CONVERSION = YES_AGGRESSIVE;
				CLANG_CXX_LANGUAGE_STANDARD = "gnu++20";
				CLANG_ENABLE_MODULES = YES;
				CLANG_ENABLE_OBJC_ARC = YES;
				CLANG_ENABLE_OBJC_WEAK = YES;
				CLANG_WARN_BLOCK_CAPTURE_AUTORELEASING = YES;
				CLANG_WARN_BOOL_CONVERSION = YES;
				CLANG_WARN_COMMA = YES;
				CLANG_WARN_CONSTANT_CONVERSION = YES;
				CLANG_WARN_DEPRECATED_OBJC_IMPLEMENTATIONS = YES;
				CLANG_WARN_DIRECT_OBJC_ISA_USAGE = YES_ERROR;
				CLANG_WARN_DOCUMENTATION_COMMENTS = YES;
				CLANG_WARN_EMPTY_BODY = YES;
				CLANG_WARN_ENUM_CONVERSION = YES;
				CLANG_WARN_INFINITE_RECURSION = YES;
				CLANG_WARN_INT_CONVERSION = YES;
				CLANG_WARN_NON_LITERAL_NULL_CONVERSION = YES;
				CLANG_WARN_OBJC_IMPLICIT_RETAIN_SELF = YES;
				CLANG_WARN_OBJC_LITERAL_CONVERSION = YES;
				CLANG_WARN_OBJC_ROOT_CLASS = YES_ERROR;
				CLANG_WARN_QUOTED_INCLUDE_IN_FRAMEWORK_HEADER = YES;
				CLANG_WARN_RANGE_LOOP_ANALYSIS = YES;
				CLANG_WARN_STRICT_PROTOTYPES = YES;
				CLANG_WARN_SUSPICIOUS_MOVE = YES;
				CLANG_WARN_UNGUARDED_AVAILABILITY = YES_AGGRESSIVE;
				CLANG_WARN_UNREACHABLE_CODE = YES;
				CLANG_WARN__DUPLICATE_METHOD_MATCH = YES;
				COPY_PHASE_STRIP = NO;
				DEBUG_INFORMATION_FORMAT = "dwarf-with-dsym";
				ENABLE_NS_ASSERTIONS = NO;
				ENABLE_STRICT_OBJC_MSGSEND = YES;
				ENABLE_USER_SCRIPT_SANDBOXING = YES;
				GCC_C_LANGUAGE_STANDARD = gnu17;
				GCC_NO_COMMON_BLOCKS = YES;
				GCC_WARN_64_TO_32_BIT_CONVERSION = YES;
				GCC_WARN_ABOUT_RETURN_TYPE = YES_ERROR;
				GCC_WARN_UNDECLARED_SELECTOR = YES;
				GCC_WARN_UNINITIALIZED_AUTOS = YES_AGGRESSIVE;
				GCC_WARN_UNUSED_FUNCTION = YES;
				GCC_WARN_UNUSED_VARIABLE = YES;
				IPHONEOS_DEPLOYMENT_TARGET = 17.2;
				LOCALIZATION_PREFERS_STRING_CATALOGS = YES;
				MTL_ENABLE_DEBUG_INFO = NO;
				MTL_FAST_MATH = YES;
				SDKROOT = iphoneos;
				SWIFT_COMPILATION_MODE = wholemodule;
				VALIDATE_PRODUCT = YES;
			};
			name = Release;
		};
		436CFB322B59CC68001F4016 /* Debug */ = {
			isa = XCBuildConfiguration;
			buildSettings = {
				ASSETCATALOG_COMPILER_APPICON_NAME = AppIcon;
				ASSETCATALOG_COMPILER_GLOBAL_ACCENT_COLOR_NAME = AccentColor;
				CODE_SIGN_STYLE = Automatic;
				CURRENT_PROJECT_VERSION = 1;
				GENERATE_INFOPLIST_FILE = YES;
				INFOPLIST_FILE = "MVVM Register/Info.plist";
				INFOPLIST_KEY_UIApplicationSupportsIndirectInputEvents = YES;
				INFOPLIST_KEY_UILaunchStoryboardName = LaunchScreen;
				INFOPLIST_KEY_UIMainStoryboardFile = Main;
				INFOPLIST_KEY_UISupportedInterfaceOrientations_iPad = "UIInterfaceOrientationPortrait UIInterfaceOrientationPortraitUpsideDown UIInterfaceOrientationLandscapeLeft UIInterfaceOrientationLandscapeRight";
				INFOPLIST_KEY_UISupportedInterfaceOrientations_iPhone = "UIInterfaceOrientationPortrait UIInterfaceOrientationLandscapeLeft UIInterfaceOrientationLandscapeRight";
				LD_RUNPATH_SEARCH_PATHS = (
					"$(inherited)",
					"@executable_path/Frameworks",
				);
				MARKETING_VERSION = 1.0;
				PRODUCT_BUNDLE_IDENTIFIER = "com.intekglobal.jpap.MVVM-Register";
				PRODUCT_NAME = "$(TARGET_NAME)";
				SWIFT_EMIT_LOC_STRINGS = YES;
				SWIFT_VERSION = 5.0;
				TARGETED_DEVICE_FAMILY = "1,2";
			};
			name = Debug;
		};
		436CFB332B59CC68001F4016 /* Release */ = {
			isa = XCBuildConfiguration;
			buildSettings = {
				ASSETCATALOG_COMPILER_APPICON_NAME = AppIcon;
				ASSETCATALOG_COMPILER_GLOBAL_ACCENT_COLOR_NAME = AccentColor;
				CODE_SIGN_STYLE = Automatic;
				CURRENT_PROJECT_VERSION = 1;
				GENERATE_INFOPLIST_FILE = YES;
				INFOPLIST_FILE = "MVVM Register/Info.plist";
				INFOPLIST_KEY_UIApplicationSupportsIndirectInputEvents = YES;
				INFOPLIST_KEY_UILaunchStoryboardName = LaunchScreen;
				INFOPLIST_KEY_UIMainStoryboardFile = Main;
				INFOPLIST_KEY_UISupportedInterfaceOrientations_iPad = "UIInterfaceOrientationPortrait UIInterfaceOrientationPortraitUpsideDown UIInterfaceOrientationLandscapeLeft UIInterfaceOrientationLandscapeRight";
				INFOPLIST_KEY_UISupportedInterfaceOrientations_iPhone = "UIInterfaceOrientationPortrait UIInterfaceOrientationLandscapeLeft UIInterfaceOrientationLandscapeRight";
				LD_RUNPATH_SEARCH_PATHS = (
					"$(inherited)",
					"@executable_path/Frameworks",
				);
				MARKETING_VERSION = 1.0;
				PRODUCT_BUNDLE_IDENTIFIER = "com.intekglobal.jpap.MVVM-Register";
				PRODUCT_NAME = "$(TARGET_NAME)";
				SWIFT_EMIT_LOC_STRINGS = YES;
				SWIFT_VERSION = 5.0;
				TARGETED_DEVICE_FAMILY = "1,2";
			};
			name = Release;
		};
/* End XCBuildConfiguration section */

/* Begin XCConfigurationList section */
		43509FA82B6061660089121B /* Build configuration list for PBXNativeTarget "MVVM RegisterTests" */ = {
			isa = XCConfigurationList;
			buildConfigurations = (
				43509FA62B6061660089121B /* Debug */,
				43509FA72B6061660089121B /* Release */,
			);
			defaultConfigurationIsVisible = 0;
			defaultConfigurationName = Release;
		};
		43509FBD2B6084B70089121B /* Build configuration list for PBXNativeTarget "MVVM RegisterUITests" */ = {
			isa = XCConfigurationList;
			buildConfigurations = (
				43509FBE2B6084B70089121B /* Debug */,
				43509FBF2B6084B70089121B /* Release */,
			);
			defaultConfigurationIsVisible = 0;
			defaultConfigurationName = Release;
		};
		436CFB182B59CC66001F4016 /* Build configuration list for PBXProject "MVVM Register" */ = {
			isa = XCConfigurationList;
			buildConfigurations = (
				436CFB2F2B59CC68001F4016 /* Debug */,
				436CFB302B59CC68001F4016 /* Release */,
			);
			defaultConfigurationIsVisible = 0;
			defaultConfigurationName = Release;
		};
		436CFB312B59CC68001F4016 /* Build configuration list for PBXNativeTarget "MVVM Register" */ = {
			isa = XCConfigurationList;
			buildConfigurations = (
				436CFB322B59CC68001F4016 /* Debug */,
				436CFB332B59CC68001F4016 /* Release */,
			);
			defaultConfigurationIsVisible = 0;
			defaultConfigurationName = Release;
		};
/* End XCConfigurationList section */
	};
	rootObject = 436CFB152B59CC66001F4016 /* Project object */;
}
